
Microsoft Visual Studio Solution File, Format Version 12.00
# Visual Studio 15
VisualStudioVersion = 15.0.27703.1
MinimumVisualStudioVersion = 10.0.40219.1
Project("{FAE04EC0-301F-11D3-BF4B-00C04F79EFBC}") = "AmateurRadioCallSign", "AmateurRadioCallSign\AmateurRadioCallSign.csproj", "{A1507C25-2C3E-4B39-89DF-E4D302B7E613}"
EndProject
Project("{FAE04EC0-301F-11D3-BF4B-00C04F79EFBC}") = "AmateurRadioCallSignConsole", "AmateurRadioCallSignConsole\AmateurRadioCallSignConsole.csproj", "{403F7F56-D928-453D-AB09-1DAA34282ED6}"
EndProject
Global
	GlobalSection(SolutionConfigurationPlatforms) = preSolution
		Debug|Any CPU = Debug|Any CPU
		Release|Any CPU = Release|Any CPU
	EndGlobalSection
	GlobalSection(ProjectConfigurationPlatforms) = postSolution
		{A1507C25-2C3E-4B39-89DF-E4D302B7E613}.Debug|Any CPU.ActiveCfg = Debug|Any CPU
		{A1507C25-2C3E-4B39-89DF-E4D302B7E613}.Debug|Any CPU.Build.0 = Debug|Any CPU
		{A1507C25-2C3E-4B39-89DF-E4D302B7E613}.Release|Any CPU.ActiveCfg = Release|Any CPU
		{A1507C25-2C3E-4B39-89DF-E4D302B7E613}.Release|Any CPU.Build.0 = Release|Any CPU
		{403F7F56-D928-453D-AB09-1DAA34282ED6}.Debug|Any CPU.ActiveCfg = Debug|Any CPU
		{403F7F56-D928-453D-AB09-1DAA34282ED6}.Debug|Any CPU.Build.0 = Debug|Any CPU
		{403F7F56-D928-453D-AB09-1DAA34282ED6}.Release|Any CPU.ActiveCfg = Release|Any CPU
		{403F7F56-D928-453D-AB09-1DAA34282ED6}.Release|Any CPU.Build.0 = Release|Any CPU
	EndGlobalSection
	GlobalSection(SolutionProperties) = preSolution
		HideSolutionNode = FALSE
	EndGlobalSection
	GlobalSection(ExtensibilityGlobals) = postSolution
		SolutionGuid = {5DE91AE5-CB93-4AB1-A629-B91F6E7370E6}
	EndGlobalSection
EndGlobal
